lockfileVersion: '9.0'

settings:
  autoInstallPeers: true
  excludeLinksFromLockfile: false

importers:

  .:
    dependencies:
      '@fontsource/jetbrains-mono':
        specifier: ^5.2.8
        version: 5.2.8

packages:

  '@fontsource/jetbrains-mono@5.2.8':
    resolution: {integrity: sha512-6w8/SG4kqvIMu7xd7wt6x3idn1Qux3p9N62s6G3rfldOUYHpWcc2FKrqf+Vo44jRvqWj2oAtTHrZXEP23oSKwQ==}

snapshots:

  '@fontsource/jetbrains-mono@5.2.8': {}
